// !$*UTF8*$!
{
	archiveVersion = 1;
	classes = {
	};
	objectVersion = 46;
	objects = {

/* Begin PBXBuildFile section */
		E801E16D1DF64ADD00C0F0FF /* AppDelegate.swift in Sources */ = {isa = PBXBuildFile; fileRef = E801E16C1DF64ADD00C0F0FF /* AppDelegate.swift */; };
		E801E16F1DF64ADD00C0F0FF /* ViewController.swift in Sources */ = {isa = PBXBuildFile; fileRef = E801E16E1DF64ADD00C0F0FF /* ViewController.swift */; };
		E801E1721DF64ADD00C0F0FF /* Main.storyboard in Resources */ = {isa = PBXBuildFile; fileRef = E801E1701DF64ADD00C0F0FF /* Main.storyboard */; };
		E801E1741DF64ADD00C0F0FF /* Assets.xcassets in Resources */ = {isa = PBXBuildFile; fileRef = E801E1731DF64ADD00C0F0FF /* Assets.xcassets */; };
		E801E1771DF64ADD00C0F0FF /* LaunchScreen.storyboard in Resources */ = {isa = PBXBuildFile; fileRef = E801E1751DF64ADD00C0F0FF /* LaunchScreen.storyboard */; };
		E80D08321DF9F098005669DC /* ImageGalleryTests.swift in Sources */ = {isa = PBXBuildFile; fileRef = E80D08311DF9F098005669DC /* ImageGalleryTests.swift */; };
		E80D087A1DF9F1E7005669DC /* ImageGalleryUITests.swift in Sources */ = {isa = PBXBuildFile; fileRef = E80D08791DF9F1E7005669DC /* ImageGalleryUITests.swift */; };
/* End PBXBuildFile section */

/* Begin PBXContainerItemProxy section */
		E80D08341DF9F098005669DC /* PBXContainerItemProxy */ = {
			isa = PBXContainerItemProxy;
			containerPortal = E801E1611DF64ADD00C0F0FF /* Project object */;
			proxyType = 1;
			remoteGlobalIDString = E801E1681DF64ADD00C0F0FF;
			remoteInfo = ImageGallery;
		};
		E80D087C1DF9F1E7005669DC /* PBXContainerItemProxy */ = {
			isa = PBXContainerItemProxy;
			containerPortal = E801E1611DF64ADD00C0F0FF /* Project object */;
			proxyType = 1;
			remoteGlobalIDString = E801E1681DF64ADD00C0F0FF;
			remoteInfo = ImageGallery;
		};
/* End PBXContainerItemProxy section */

/* Begin PBXFileReference section */
		E801E1691DF64ADD00C0F0FF /* ImageGallery.app */ = {isa = PBXFileReference; explicitFileType = wrapper.application; includeInIndex = 0; path = ImageGallery.app; sourceTree = BUILT_PRODUCTS_DIR; };
		E801E16C1DF64ADD00C0F0FF /* AppDelegate.swift */ = {isa = PBXFileReference; lastKnownFileType = sourcecode.swift; path = AppDelegate.swift; sourceTree = "<group>"; };
		E801E16E1DF64ADD00C0F0FF /* ViewController.swift */ = {isa = PBXFileReference; lastKnownFileType = sourcecode.swift; path = ViewController.swift; sourceTree = "<group>"; };
		E801E1711DF64ADD00C0F0FF /* Base */ = {isa = PBXFileReference; lastKnownFileType = file.storyboard; name = Base; path = Base.lproj/Main.storyboard; sourceTree = "<group>"; };
		E801E1731DF64ADD00C0F0FF /* Assets.xcassets */ = {isa = PBXFileReference; lastKnownFileType = folder.assetcatalog; path = Assets.xcassets; sourceTree = "<group>"; };
		E801E1761DF64ADD00C0F0FF /* Base */ = {isa = PBXFileReference; lastKnownFileType = file.storyboard; name = Base; path = Base.lproj/LaunchScreen.storyboard; sourceTree = "<group>"; };
		E801E1781DF64ADD00C0F0FF /* Info.plist */ = {isa = PBXFileReference; lastKnownFileType = text.plist.xml; path = Info.plist; sourceTree = "<group>"; };
		E80D082F1DF9F098005669DC /* ImageGalleryTests.xctest */ = {isa = PBXFileReference; explicitFileType = wrapper.cfbundle; includeInIndex = 0; path = ImageGalleryTests.xctest; sourceTree = BUILT_PRODUCTS_DIR; };
		E80D08311DF9F098005669DC /* ImageGalleryTests.swift */ = {isa = PBXFileReference; lastKnownFileType = sourcecode.swift; path = ImageGalleryTests.swift; sourceTree = "<group>"; };
		E80D08331DF9F098005669DC /* Info.plist */ = {isa = PBXFileReference; lastKnownFileType = text.plist.xml; path = Info.plist; sourceTree = "<group>"; };
		E80D08771DF9F1E7005669DC /* ImageGalleryUITests.xctest */ = {isa = PBXFileReference; explicitFileType = wrapper.cfbundle; includeInIndex = 0; path = ImageGalleryUITests.xctest; sourceTree = BUILT_PRODUCTS_DIR; };
		E80D08791DF9F1E7005669DC /* ImageGalleryUITests.swift */ = {isa = PBXFileReference; lastKnownFileType = sourcecode.swift; path = ImageGalleryUITests.swift; sourceTree = "<group>"; };
		E80D087B1DF9F1E7005669DC /* Info.plist */ = {isa = PBXFileReference; lastKnownFileType = text.plist.xml; path = Info.plist; sourceTree = "<group>"; };
/* End PBXFileReference section */

/* Begin PBXFrameworksBuildPhase section */
		E801E1661DF64ADD00C0F0FF /* Frameworks */ = {
			isa = PBXFrameworksBuildPhase;
			buildActionMask = 2147483647;
			files = (
			);
			runOnlyForDeploymentPostprocessing = 0;
		};
		E80D082C1DF9F098005669DC /* Frameworks */ = {
			isa = PBXFrameworksBuildPhase;
			buildActionMask = 2147483647;
			files = (
			);
			runOnlyForDeploymentPostprocessing = 0;
		};
		E80D08741DF9F1E7005669DC /* Frameworks */ = {
			isa = PBXFrameworksBuildPhase;
			buildActionMask = 2147483647;
			files = (
			);
			runOnlyForDeploymentPostprocessing = 0;
		};
/* End PBXFrameworksBuildPhase section */

/* Begin PBXGroup section */
		E801E1601DF64ADD00C0F0FF = {
			isa = PBXGroup;
			children = (
				E801E16B1DF64ADD00C0F0FF /* ImageGallery */,
				E80D08301DF9F098005669DC /* ImageGalleryTests */,
				E80D08781DF9F1E7005669DC /* ImageGalleryUITests */,
				E801E16A1DF64ADD00C0F0FF /* Products */,
			);
			sourceTree = "<group>";
		};
		E801E16A1DF64ADD00C0F0FF /* Products */ = {
			isa = PBXGroup;
			children = (
				E801E1691DF64ADD00C0F0FF /* ImageGallery.app */,
				E80D082F1DF9F098005669DC /* ImageGalleryTests.xctest */,
				E80D08771DF9F1E7005669DC /* ImageGalleryUITests.xctest */,
			);
			name = Products;
			sourceTree = "<group>";
		};
		E801E16B1DF64ADD00C0F0FF /* ImageGallery */ = {
			isa = PBXGroup;
			children = (
				E801E16C1DF64ADD00C0F0FF /* AppDelegate.swift */,
				E801E16E1DF64ADD00C0F0FF /* ViewController.swift */,
				E801E1701DF64ADD00C0F0FF /* Main.storyboard */,
				E801E1731DF64ADD00C0F0FF /* Assets.xcassets */,
				E801E1751DF64ADD00C0F0FF /* LaunchScreen.storyboard */,
				E801E1781DF64ADD00C0F0FF /* Info.plist */,
			);
			path = ImageGallery;
			sourceTree = "<group>";
		};
		E80D08301DF9F098005669DC /* ImageGalleryTests */ = {
			isa = PBXGroup;
			children = (
				E80D08311DF9F098005669DC /* ImageGalleryTests.swift */,
				E80D08331DF9F098005669DC /* Info.plist */,
			);
			path = ImageGalleryTests;
			sourceTree = "<group>";
		};
		E80D08781DF9F1E7005669DC /* ImageGalleryUITests */ = {
			isa = PBXGroup;
			children = (
				E80D08791DF9F1E7005669DC /* ImageGalleryUITests.swift */,
				E80D087B1DF9F1E7005669DC /* Info.plist */,
			);
			path = ImageGalleryUITests;
			sourceTree = "<group>";
		};
/* End PBXGroup section */

/* Begin PBXNativeTarget section */
		E801E1681DF64ADD00C0F0FF /* ImageGallery */ = {
			isa = PBXNativeTarget;
			buildConfigurationList = E801E17B1DF64ADD00C0F0FF /* Build configuration list for PBXNativeTarget "ImageGallery" */;
			buildPhases = (
				E801E1651DF64ADD00C0F0FF /* Sources */,
				E801E1661DF64ADD00C0F0FF /* Frameworks */,
				E801E1671DF64ADD00C0F0FF /* Resources */,
			);
			buildRules = (
			);
			dependencies = (
			);
			name = ImageGallery;
			productName = ImageGallery;
			productReference = E801E1691DF64ADD00C0F0FF /* ImageGallery.app */;
			productType = "com.apple.product-type.application";
		};
		E80D082E1DF9F098005669DC /* ImageGalleryTests */ = {
			isa = PBXNativeTarget;
			buildConfigurationList = E80D08361DF9F098005669DC /* Build configuration list for PBXNativeTarget "ImageGalleryTests" */;
			buildPhases = (
				E80D082B1DF9F098005669DC /* Sources */,
				E80D082C1DF9F098005669DC /* Frameworks */,
				E80D082D1DF9F098005669DC /* Resources */,
			);
			buildRules = (
			);
			dependencies = (
				E80D08351DF9F098005669DC /* PBXTargetDependency */,
			);
			name = ImageGalleryTests;
			productName = ImageGalleryTests;
			productReference = E80D082F1DF9F098005669DC /* ImageGalleryTests.xctest */;
			productType = "com.apple.product-type.bundle.unit-test";
		};
		E80D08761DF9F1E7005669DC /* ImageGalleryUITests */ = {
			isa = PBXNativeTarget;
			buildConfigurationList = E80D087E1DF9F1E7005669DC /* Build configuration list for PBXNativeTarget "ImageGalleryUITests" */;
			buildPhases = (
				E80D08731DF9F1E7005669DC /* Sources */,
				E80D08741DF9F1E7005669DC /* Frameworks */,
				E80D08751DF9F1E7005669DC /* Resources */,
			);
			buildRules = (
			);
			dependencies = (
				E80D087D1DF9F1E7005669DC /* PBXTargetDependency */,
			);
			name = ImageGalleryUITests;
			productName = ImageGalleryUITests;
			productReference = E80D08771DF9F1E7005669DC /* ImageGalleryUITests.xctest */;
			productType = "com.apple.product-type.bundle.ui-testing";
		};
/* End PBXNativeTarget section */

/* Begin PBXProject section */
		E801E1611DF64ADD00C0F0FF /* Project object */ = {
			isa = PBXProject;
			attributes = {
				LastSwiftUpdateCheck = 0810;
				LastUpgradeCheck = 0810;
				ORGANIZATIONNAME = "Mehrdad Mozafari";
				TargetAttributes = {
					E801E1681DF64ADD00C0F0FF = {
						CreatedOnToolsVersion = 8.1;
						DevelopmentTeam = L4RARDNZ2Y;
						ProvisioningStyle = Manual;
					};
					E80D082E1DF9F098005669DC = {
						CreatedOnToolsVersion = 8.1;
						DevelopmentTeam = L4RARDNZ2Y;
						ProvisioningStyle = Automatic;
						TestTargetID = E801E1681DF64ADD00C0F0FF;
					};
					E80D08761DF9F1E7005669DC = {
						CreatedOnToolsVersion = 8.1;
						DevelopmentTeam = L4RARDNZ2Y;
						ProvisioningStyle = Automatic;
						TestTargetID = E801E1681DF64ADD00C0F0FF;
					};
				};
			};
			buildConfigurationList = E801E1641DF64ADD00C0F0FF /* Build configuration list for PBXProject "ImageGallery" */;
			compatibilityVersion = "Xcode 3.2";
			developmentRegion = English;
			hasScannedForEncodings = 0;
			knownRegions = (
				en,
				Base,
			);
			mainGroup = E801E1601DF64ADD00C0F0FF;
			productRefGroup = E801E16A1DF64ADD00C0F0FF /* Products */;
			projectDirPath = "";
			projectRoot = "";
			targets = (
				E801E1681DF64ADD00C0F0FF /* ImageGallery */,
				E80D082E1DF9F098005669DC /* ImageGalleryTests */,
				E80D08761DF9F1E7005669DC /* ImageGalleryUITests */,
			);
		};
/* End PBXProject section */

/* Begin PBXResourcesBuildPhase section */
		E801E1671DF64ADD00C0F0FF /* Resources */ = {
			isa = PBXResourcesBuildPhase;
			buildActionMask = 2147483647;
			files = (
				E801E1771DF64ADD00C0F0FF /* LaunchScreen.storyboard in Resources */,
				E801E1741DF64ADD00C0F0FF /* Assets.xcassets in Resources */,
				E801E1721DF64ADD00C0F0FF /* Main.storyboard in Resources */,
			);
			runOnlyForDeploymentPostprocessing = 0;
		};
		E80D082D1DF9F098005669DC /* Resources */ = {
			isa = PBXResourcesBuildPhase;
			buildActionMask = 2147483647;
			files = (
			);
			runOnlyForDeploymentPostprocessing = 0;
		};
		E80D08751DF9F1E7005669DC /* Resources */ = {
			isa = PBXResourcesBuildPhase;
			buildActionMask = 2147483647;
			files = (
			);
			runOnlyForDeploymentPostprocessing = 0;
		};
/* End PBXResourcesBuildPhase section */

/* Begin PBXSourcesBuildPhase section */
		E801E1651DF64ADD00C0F0FF /* Sources */ = {
			isa = PBXSourcesBuildPhase;
			buildActionMask = 2147483647;
			files = (
				E801E16F1DF64ADD00C0F0FF /* ViewController.swift in Sources */,
				E801E16D1DF64ADD00C0F0FF /* AppDelegate.swift in Sources */,
			);
			runOnlyForDeploymentPostprocessing = 0;
		};
		E80D082B1DF9F098005669DC /* Sources */ = {
			isa = PBXSourcesBuildPhase;
			buildActionMask = 2147483647;
			files = (
				E80D08321DF9F098005669DC /* ImageGalleryTests.swift in Sources */,
			);
			runOnlyForDeploymentPostprocessing = 0;
		};
		E80D08731DF9F1E7005669DC /* Sources */ = {
			isa = PBXSourcesBuildPhase;
			buildActionMask = 2147483647;
			files = (
				E80D087A1DF9F1E7005669DC /* ImageGalleryUITests.swift in Sources */,
			);
			runOnlyForDeploymentPostprocessing = 0;
		};
/* End PBXSourcesBuildPhase section */

/* Begin PBXTargetDependency section */
		E80D08351DF9F098005669DC /* PBXTargetDependency */ = {
			isa = PBXTargetDependency;
			target = E801E1681DF64ADD00C0F0FF /* ImageGallery */;
			targetProxy = E80D08341DF9F098005669DC /* PBXContainerItemProxy */;
		};
		E80D087D1DF9F1E7005669DC /* PBXTargetDependency */ = {
			isa = PBXTargetDependency;
			target = E801E1681DF64ADD00C0F0FF /* ImageGallery */;
			targetProxy = E80D087C1DF9F1E7005669DC /* PBXContainerItemProxy */;
		};
/* End PBXTargetDependency section */

/* Begin PBXVariantGroup section */
		E801E1701DF64ADD00C0F0FF /* Main.storyboard */ = {
			isa = PBXVariantGroup;
			children = (
				E801E1711DF64ADD00C0F0FF /* Base */,
			);
			name = Main.storyboard;
			sourceTree = "<group>";
		};
		E801E1751DF64ADD00C0F0FF /* LaunchScreen.storyboard */ = {
			isa = PBXVariantGroup;
			children = (
				E801E1761DF64ADD00C0F0FF /* Base */,
			);
			name = LaunchScreen.storyboard;
			sourceTree = "<group>";
		};
/* End PBXVariantGroup section */

/* Begin XCBuildConfiguration section */
		E801E1791DF64ADD00C0F0FF /* Debug */ = {
			isa = XCBuildConfiguration;
			buildSettings = {
				ALWAYS_SEARCH_USER_PATHS = NO;
				CLANG_ANALYZER_NONNULL = YES;
				CLANG_CXX_LANGUAGE_STANDARD = "gnu++0x";
				CLANG_CXX_LIBRARY = "libc++";
				CLANG_ENABLE_MODULES = YES;
				CLANG_ENABLE_OBJC_ARC = YES;
				CLANG_WARN_BOOL_CONVERSION = YES;
				CLANG_WARN_CONSTANT_CONVERSION = YES;
				CLANG_WARN_DIRECT_OBJC_ISA_USAGE = YES_ERROR;
				CLANG_WARN_DOCUMENTATION_COMMENTS = YES;
				CLANG_WARN_EMPTY_BODY = YES;
				CLANG_WARN_ENUM_CONVERSION = YES;
				CLANG_WARN_INFINITE_RECURSION = YES;
				CLANG_WARN_INT_CONVERSION = YES;
				CLANG_WARN_OBJC_ROOT_CLASS = YES_ERROR;
				CLANG_WARN_SUSPICIOUS_MOVES = YES;
				CLANG_WARN_UNREACHABLE_CODE = YES;
				CLANG_WARN__DUPLICATE_METHOD_MATCH = YES;
				"CODE_SIGN_IDENTITY[sdk=iphoneos*]" = "iPhone Developer";
				COPY_PHASE_STRIP = NO;
				DEBUG_INFORMATION_FORMAT = dwarf;
				ENABLE_STRICT_OBJC_MSGSEND = YES;
				ENABLE_TESTABILITY = YES;
				GCC_C_LANGUAGE_STANDARD = gnu99;
				GCC_DYNAMIC_NO_PIC = NO;
				GCC_NO_COMMON_BLOCKS = YES;
				GCC_OPTIMIZATION_LEVEL = 0;
				GCC_PREPROCESSOR_DEFINITIONS = (
					"DEBUG=1",
					"$(inherited)",
				);
				GCC_WARN_64_TO_32_BIT_CONVERSION = YES;
				GCC_WARN_ABOUT_RETURN_TYPE = YES_ERROR;
				GCC_WARN_UNDECLARED_SELECTOR = YES;
				GCC_WARN_UNINITIALIZED_AUTOS = YES_AGGRESSIVE;
				GCC_WARN_UNUSED_FUNCTION = YES;
				GCC_WARN_UNUSED_VARIABLE = YES;
				IPHONEOS_DEPLOYMENT_TARGET = 10.1;
				MTL_ENABLE_DEBUG_INFO = YES;
				ONLY_ACTIVE_ARCH = YES;
				SDKROOT = iphoneos;
				SWIFT_ACTIVE_COMPILATION_CONDITIONS = DEBUG;
				SWIFT_OPTIMIZATION_LEVEL = "-Onone";
				TARGETED_DEVICE_FAMILY = "1,2";
			};
			name = Debug;
		};
		E801E17A1DF64ADD00C0F0FF /* Release */ = {
			isa = XCBuildConfiguration;
			buildSettings = {
				ALWAYS_SEARCH_USER_PATHS = NO;
				CLANG_ANALYZER_NONNULL = YES;
				CLANG_CXX_LANGUAGE_STANDARD = "gnu++0x";
				CLANG_CXX_LIBRARY = "libc++";
				CLANG_ENABLE_MODULES = YES;
				CLANG_ENABLE_OBJC_ARC = YES;
				CLANG_WARN_BOOL_CONVERSION = YES;
				CLANG_WARN_CONSTANT_CONVERSION = YES;
				CLANG_WARN_DIRECT_OBJC_ISA_USAGE = YES_ERROR;
				CLANG_WARN_DOCUMENTATION_COMMENTS = YES;
				CLANG_WARN_EMPTY_BODY = YES;
				CLANG_WARN_ENUM_CONVERSION = YES;
				CLANG_WARN_INFINITE_RECURSION = YES;
				CLANG_WARN_INT_CONVERSION = YES;
				CLANG_WARN_OBJC_ROOT_CLASS = YES_ERROR;
				CLANG_WARN_SUSPICIOUS_MOVES = YES;
				CLANG_WARN_UNREACHABLE_CODE = YES;
				CLANG_WARN__DUPLICATE_METHOD_MATCH = YES;
				"CODE_SIGN_IDENTITY[sdk=iphoneos*]" = "iPhone Developer";
				COPY_PHASE_STRIP = NO;
				DEBUG_INFORMATION_FORMAT = "dwarf-with-dsym";
				ENABLE_NS_ASSERTIONS = NO;
				ENABLE_STRICT_OBJC_MSGSEND = YES;
				GCC_C_LANGUAGE_STANDARD = gnu99;
				GCC_NO_COMMON_BLOCKS = YES;
				GCC_WARN_64_TO_32_BIT_CONVERSION = YES;
				GCC_WARN_ABOUT_RETURN_TYPE = YES_ERROR;
				GCC_WARN_UNDECLARED_SELECTOR = YES;
				GCC_WARN_UNINITIALIZED_AUTOS = YES_AGGRESSIVE;
				GCC_WARN_UNUSED_FUNCTION = YES;
				GCC_WARN_UNUSED_VARIABLE = YES;
				IPHONEOS_DEPLOYMENT_TARGET = 10.1;
				MTL_ENABLE_DEBUG_INFO = NO;
				SDKROOT = iphoneos;
				SWIFT_OPTIMIZATION_LEVEL = "-Owholemodule";
				TARGETED_DEVICE_FAMILY = "1,2";
				VALIDATE_PRODUCT = YES;
			};
			name = Release;
		};
		E801E17C1DF64ADD00C0F0FF /* Debug */ = {
			isa = XCBuildConfiguration;
			buildSettings = {
				ASSETCATALOG_COMPILER_APPICON_NAME = AppIcon;
				"CODE_SIGN_IDENTITY[sdk=iphoneos*]" = "iPhone Developer";
				DEBUG_INFORMATION_FORMAT = "dwarf-with-dsym";
				DEVELOPMENT_TEAM = L4RARDNZ2Y;
				FRAMEWORK_SEARCH_PATHS = (
					"$(inherited)",
					"$(PROJECT_DIR)",
				);
				INFOPLIST_FILE = ImageGallery/Info.plist;
				LD_RUNPATH_SEARCH_PATHS = "$(inherited) @executable_path/Frameworks";
				PRODUCT_BUNDLE_IDENTIFIER = com.microsoft.sonoma.ipuppet;
				PRODUCT_NAME = "$(TARGET_NAME)";
				PROVISIONING_PROFILE = "abfbf862-c07a-4157-92d9-0c0ff3d8d89f";
				PROVISIONING_PROFILE_SPECIFIER = "Memoz Sonoma Dev(com.microsoft.sonoma.ipuppet)";
				SWIFT_VERSION = 3.0;
			};
			name = Debug;
		};
		E801E17D1DF64ADD00C0F0FF /* Release */ = {
			isa = XCBuildConfiguration;
			buildSettings = {
				ASSETCATALOG_COMPILER_APPICON_NAME = AppIcon;
				"CODE_SIGN_IDENTITY[sdk=iphoneos*]" = "iPhone Developer";
				DEBUG_INFORMATION_FORMAT = "dwarf-with-dsym";
				DEVELOPMENT_TEAM = L4RARDNZ2Y;
				FRAMEWORK_SEARCH_PATHS = (
					"$(inherited)",
					"$(PROJECT_DIR)",
				);
				INFOPLIST_FILE = ImageGallery/Info.plist;
				LD_RUNPATH_SEARCH_PATHS = "$(inherited) @executable_path/Frameworks";
				PRODUCT_BUNDLE_IDENTIFIER = com.microsoft.sonoma.ipuppet;
				PRODUCT_NAME = "$(TARGET_NAME)";
				PROVISIONING_PROFILE = "abfbf862-c07a-4157-92d9-0c0ff3d8d89f";
				PROVISIONING_PROFILE_SPECIFIER = "Memoz Sonoma Dev(com.microsoft.sonoma.ipuppet)";
				SWIFT_VERSION = 3.0;
			};
			name = Release;
		};
		E80D08371DF9F098005669DC /* Debug */ = {
			isa = XCBuildConfiguration;
			buildSettings = {
				BUNDLE_LOADER = "$(TEST_HOST)";
				DEVELOPMENT_TEAM = L4RARDNZ2Y;
				INFOPLIST_FILE = ImageGalleryTests/Info.plist;
				LD_RUNPATH_SEARCH_PATHS = "$(inherited) @executable_path/Frameworks @loader_path/Frameworks";
				PRODUCT_BUNDLE_IDENTIFIER = com.microsoft.sonoma.ImageGalleryTests;
				PRODUCT_NAME = "$(TARGET_NAME)";
				SWIFT_VERSION = 3.0;
				TEST_HOST = "$(BUILT_PRODUCTS_DIR)/ImageGallery.app/ImageGallery";
			};
			name = Debug;
		};
		E80D08381DF9F098005669DC /* Release */ = {
			isa = XCBuildConfiguration;
			buildSettings = {
				BUNDLE_LOADER = "$(TEST_HOST)";
				DEVELOPMENT_TEAM = L4RARDNZ2Y;
				INFOPLIST_FILE = ImageGalleryTests/Info.plist;
				LD_RUNPATH_SEARCH_PATHS = "$(inherited) @executable_path/Frameworks @loader_path/Frameworks";
				PRODUCT_BUNDLE_IDENTIFIER = com.microsoft.sonoma.ImageGalleryTests;
				PRODUCT_NAME = "$(TARGET_NAME)";
				SWIFT_VERSION = 3.0;
				TEST_HOST = "$(BUILT_PRODUCTS_DIR)/ImageGallery.app/ImageGallery";
			};
			name = Release;
		};
		E80D087F1DF9F1E7005669DC /* Debug */ = {
			isa = XCBuildConfiguration;
			buildSettings = {
				DEVELOPMENT_TEAM = L4RARDNZ2Y;
				INFOPLIST_FILE = ImageGalleryUITests/Info.plist;
				LD_RUNPATH_SEARCH_PATHS = "$(inherited) @executable_path/Frameworks @loader_path/Frameworks";
				PRODUCT_BUNDLE_IDENTIFIER = com.microsoft.sonoma.ImageGalleryUITests;
				PRODUCT_NAME = "$(TARGET_NAME)";
				PROVISIONING_PROFILE = "abfbf862-c07a-4157-92d9-0c0ff3d8d89f";
				SWIFT_VERSION = 3.0;
				TEST_TARGET_NAME = ImageGallery;
			};
			name = Debug;
		};
		E80D08801DF9F1E7005669DC /* Release */ = {
			isa = XCBuildConfiguration;
			buildSettings = {
				DEVELOPMENT_TEAM = L4RARDNZ2Y;
				INFOPLIST_FILE = ImageGalleryUITests/Info.plist;
				LD_RUNPATH_SEARCH_PATHS = "$(inherited) @executable_path/Frameworks @loader_path/Frameworks";
				PRODUCT_BUNDLE_IDENTIFIER = com.microsoft.sonoma.ImageGalleryUITests;
				PRODUCT_NAME = "$(TARGET_NAME)";
				PROVISIONING_PROFILE = "abfbf862-c07a-4157-92d9-0c0ff3d8d89f";
				SWIFT_VERSION = 3.0;
				TEST_TARGET_NAME = ImageGallery;
			};
			name = Release;
		};
/* End XCBuildConfiguration section */

/* Begin XCConfigurationList section */
		E801E1641DF64ADD00C0F0FF /* Build configuration list for PBXProject "ImageGallery" */ = {
			isa = XCConfigurationList;
			buildConfigurations = (
				E801E1791DF64ADD00C0F0FF /* Debug */,
				E801E17A1DF64ADD00C0F0FF /* Release */,
			);
			defaultConfigurationIsVisible = 0;
			defaultConfigurationName = Release;
		};
		E801E17B1DF64ADD00C0F0FF /* Build configuration list for PBXNativeTarget "ImageGallery" */ = {
			isa = XCConfigurationList;
			buildConfigurations = (
				E801E17C1DF64ADD00C0F0FF /* Debug */,
				E801E17D1DF64ADD00C0F0FF /* Release */,
			);
			defaultConfigurationIsVisible = 0;
			defaultConfigurationName = Release;
		};
		E80D08361DF9F098005669DC /* Build configuration list for PBXNativeTarget "ImageGalleryTests" */ = {
			isa = XCConfigurationList;
			buildConfigurations = (
				E80D08371DF9F098005669DC /* Debug */,
				E80D08381DF9F098005669DC /* Release */,
			);
			defaultConfigurationIsVisible = 0;
		};
		E80D087E1DF9F1E7005669DC /* Build configuration list for PBXNativeTarget "ImageGalleryUITests" */ = {
			isa = XCConfigurationList;
			buildConfigurations = (
				E80D087F1DF9F1E7005669DC /* Debug */,
				E80D08801DF9F1E7005669DC /* Release */,
			);
			defaultConfigurationIsVisible = 0;
		};
/* End XCConfigurationList section */
	};
	rootObject = E801E1611DF64ADD00C0F0FF /* Project object */;
}
